
Microsoft Visual Studio Solution File, Format Version 12.00
# Visual Studio 15
VisualStudioVersion = 15.0.28010.2050
MinimumVisualStudioVersion = 10.0.40219.1
Project("{FAE04EC0-301F-11D3-BF4B-00C04F79EFBC}") = "AdvancedCalculator", "AdvancedCalculator\AdvancedCalculator.csproj", "{4367BCC8-8227-4518-BF41-8967E8D4344E}"
EndProject
Global
	GlobalSection(SolutionConfigurationPlatforms) = preSolution
		Debug|Any CPU = Debug|Any CPU
		Release|Any CPU = Release|Any CPU
	EndGlobalSection
	GlobalSection(ProjectConfigurationPlatforms) = postSolution
		{4367BCC8-8227-4518-BF41-8967E8D4344E}.Debug|Any CPU.ActiveCfg = Debug|Any CPU
		{4367BCC8-8227-4518-BF41-8967E8D4344E}.Debug|Any CPU.Build.0 = Debug|Any CPU
		{4367BCC8-8227-4518-BF41-8967E8D4344E}.Release|Any CPU.ActiveCfg = Release|Any CPU
		{4367BCC8-8227-4518-BF41-8967E8D4344E}.Release|Any CPU.Build.0 = Release|Any CPU
	EndGlobalSection
	GlobalSection(SolutionProperties) = preSolution
		HideSolutionNode = FALSE
	EndGlobalSection
	GlobalSection(ExtensibilityGlobals) = postSolution
		SolutionGuid = {870476C6-4C41-43BF-B7A6-01074B14DD5C}
	EndGlobalSection
EndGlobal
