
Microsoft Visual Studio Solution File, Format Version 12.00
# Visual Studio 15
VisualStudioVersion = 15.0.28010.2050
MinimumVisualStudioVersion = 10.0.40219.1
Project("{FAE04EC0-301F-11D3-BF4B-00C04F79EFBC}") = "Task2", "Task2\Task2.csproj", "{3A97A405-C2FD-4C91-B2A5-36020D5A5557}"
EndProject
Global
	GlobalSection(SolutionConfigurationPlatforms) = preSolution
		Debug|Any CPU = Debug|Any CPU
		Release|Any CPU = Release|Any CPU
	EndGlobalSection
	GlobalSection(ProjectConfigurationPlatforms) = postSolution
		{3A97A405-C2FD-4C91-B2A5-36020D5A5557}.Debug|Any CPU.ActiveCfg = Debug|Any CPU
		{3A97A405-C2FD-4C91-B2A5-36020D5A5557}.Debug|Any CPU.Build.0 = Debug|Any CPU
		{3A97A405-C2FD-4C91-B2A5-36020D5A5557}.Release|Any CPU.ActiveCfg = Release|Any CPU
		{3A97A405-C2FD-4C91-B2A5-36020D5A5557}.Release|Any CPU.Build.0 = Release|Any CPU
	EndGlobalSection
	GlobalSection(SolutionProperties) = preSolution
		HideSolutionNode = FALSE
	EndGlobalSection
	GlobalSection(ExtensibilityGlobals) = postSolution
		SolutionGuid = {8BD41E9E-49BC-4BC0-A29F-374C5101D137}
	EndGlobalSection
EndGlobal
