
Microsoft Visual Studio Solution File, Format Version 12.00
# Visual Studio 15
VisualStudioVersion = 15.0.28010.2050
MinimumVisualStudioVersion = 10.0.40219.1
Project("{FAE04EC0-301F-11D3-BF4B-00C04F79EFBC}") = "Task4", "Task4\Task4.csproj", "{99E303F8-9337-4903-9A68-25AC47CED50A}"
EndProject
Global
	GlobalSection(SolutionConfigurationPlatforms) = preSolution
		Debug|Any CPU = Debug|Any CPU
		Release|Any CPU = Release|Any CPU
	EndGlobalSection
	GlobalSection(ProjectConfigurationPlatforms) = postSolution
		{99E303F8-9337-4903-9A68-25AC47CED50A}.Debug|Any CPU.ActiveCfg = Debug|Any CPU
		{99E303F8-9337-4903-9A68-25AC47CED50A}.Debug|Any CPU.Build.0 = Debug|Any CPU
		{99E303F8-9337-4903-9A68-25AC47CED50A}.Release|Any CPU.ActiveCfg = Release|Any CPU
		{99E303F8-9337-4903-9A68-25AC47CED50A}.Release|Any CPU.Build.0 = Release|Any CPU
	EndGlobalSection
	GlobalSection(SolutionProperties) = preSolution
		HideSolutionNode = FALSE
	EndGlobalSection
	GlobalSection(ExtensibilityGlobals) = postSolution
		SolutionGuid = {C1FB3356-508B-49C4-8D09-139E243DBC88}
	EndGlobalSection
EndGlobal
