
Microsoft Visual Studio Solution File, Format Version 12.00
# Visual Studio 15
VisualStudioVersion = 15.0.28010.2050
MinimumVisualStudioVersion = 10.0.40219.1
Project("{FAE04EC0-301F-11D3-BF4B-00C04F79EFBC}") = "Main", "Main\Main.csproj", "{59CFA64A-4F1A-4A12-B9DD-2954146422AB}"
EndProject
Global
	GlobalSection(SolutionConfigurationPlatforms) = preSolution
		Debug|Any CPU = Debug|Any CPU
		Release|Any CPU = Release|Any CPU
	EndGlobalSection
	GlobalSection(ProjectConfigurationPlatforms) = postSolution
		{59CFA64A-4F1A-4A12-B9DD-2954146422AB}.Debug|Any CPU.ActiveCfg = Debug|Any CPU
		{59CFA64A-4F1A-4A12-B9DD-2954146422AB}.Debug|Any CPU.Build.0 = Debug|Any CPU
		{59CFA64A-4F1A-4A12-B9DD-2954146422AB}.Release|Any CPU.ActiveCfg = Release|Any CPU
		{59CFA64A-4F1A-4A12-B9DD-2954146422AB}.Release|Any CPU.Build.0 = Release|Any CPU
	EndGlobalSection
	GlobalSection(SolutionProperties) = preSolution
		HideSolutionNode = FALSE
	EndGlobalSection
	GlobalSection(ExtensibilityGlobals) = postSolution
		SolutionGuid = {5117D041-C695-4566-AC5D-08A90717F116}
	EndGlobalSection
EndGlobal
