
Microsoft Visual Studio Solution File, Format Version 12.00
# Visual Studio 15
VisualStudioVersion = 15.0.28010.2050
MinimumVisualStudioVersion = 10.0.40219.1
Project("{FAE04EC0-301F-11D3-BF4B-00C04F79EFBC}") = "Task3", "Task3\Task3.csproj", "{17925560-8507-4C21-9732-2E1B88496408}"
EndProject
Global
	GlobalSection(SolutionConfigurationPlatforms) = preSolution
		Debug|Any CPU = Debug|Any CPU
		Release|Any CPU = Release|Any CPU
	EndGlobalSection
	GlobalSection(ProjectConfigurationPlatforms) = postSolution
		{17925560-8507-4C21-9732-2E1B88496408}.Debug|Any CPU.ActiveCfg = Debug|Any CPU
		{17925560-8507-4C21-9732-2E1B88496408}.Debug|Any CPU.Build.0 = Debug|Any CPU
		{17925560-8507-4C21-9732-2E1B88496408}.Release|Any CPU.ActiveCfg = Release|Any CPU
		{17925560-8507-4C21-9732-2E1B88496408}.Release|Any CPU.Build.0 = Release|Any CPU
	EndGlobalSection
	GlobalSection(SolutionProperties) = preSolution
		HideSolutionNode = FALSE
	EndGlobalSection
	GlobalSection(ExtensibilityGlobals) = postSolution
		SolutionGuid = {AB4C432C-7022-40B2-9C41-9C2CBDB93761}
	EndGlobalSection
EndGlobal
